
Microsoft Visual Studio Solution File, Format Version 12.00
# Visual Studio Version 16
VisualStudioVersion = 16.0.30001.183
MinimumVisualStudioVersion = 10.0.40219.1
Project("{9A19103F-16F7-4668-BE54-9A1E7A4F7556}") = "EqualsMethodAnalyzer", "EqualsMethodAnalyzer\EqualsMethodAnalyzer.csproj", "{66B4FE84-20C4-4448-BA91-E6E3A0EDDCBB}"
EndProject
Project("{9A19103F-16F7-4668-BE54-9A1E7A4F7556}") = "EqualsMethodAnalyzer.Vsix", "EqualsMethodAnalyzer.Vsix\EqualsMethodAnalyzer.Vsix.csproj", "{9A1AC0C5-EDFA-41EE-A776-A439E986E27C}"
EndProject
Global
	GlobalSection(SolutionConfigurationPlatforms) = preSolution
		Debug|Any CPU = Debug|Any CPU
		Release|Any CPU = Release|Any CPU
	EndGlobalSection
	GlobalSection(ProjectConfigurationPlatforms) = postSolution
		{66B4FE84-20C4-4448-BA91-E6E3A0EDDCBB}.Debug|Any CPU.ActiveCfg = Debug|Any CPU
		{66B4FE84-20C4-4448-BA91-E6E3A0EDDCBB}.Debug|Any CPU.Build.0 = Debug|Any CPU
		{66B4FE84-20C4-4448-BA91-E6E3A0EDDCBB}.Release|Any CPU.ActiveCfg = Release|Any CPU
		{66B4FE84-20C4-4448-BA91-E6E3A0EDDCBB}.Release|Any CPU.Build.0 = Release|Any CPU
		{9A1AC0C5-EDFA-41EE-A776-A439E986E27C}.Debug|Any CPU.ActiveCfg = Debug|Any CPU
		{9A1AC0C5-EDFA-41EE-A776-A439E986E27C}.Debug|Any CPU.Build.0 = Debug|Any CPU
		{9A1AC0C5-EDFA-41EE-A776-A439E986E27C}.Release|Any CPU.ActiveCfg = Release|Any CPU
		{9A1AC0C5-EDFA-41EE-A776-A439E986E27C}.Release|Any CPU.Build.0 = Release|Any CPU
	EndGlobalSection
	GlobalSection(SolutionProperties) = preSolution
		HideSolutionNode = FALSE
	EndGlobalSection
	GlobalSection(ExtensibilityGlobals) = postSolution
		SolutionGuid = {9675DE3F-2FC9-4CCA-A889-417FE2A9010E}
	EndGlobalSection
EndGlobal
